
Microsoft Visual Studio Solution File, Format Version 12.00
# Visual Studio Version 16
VisualStudioVersion = 16.0.31729.503
MinimumVisualStudioVersion = 10.0.40219.1
Project("{FAE04EC0-301F-11D3-BF4B-00C04F79EFBC}") = "random_number_battle", "random_number_battle\random_number_battle.csproj", "{AEADF865-7362-4C10-86D5-618814DB9639}"
EndProject
Global
	GlobalSection(SolutionConfigurationPlatforms) = preSolution
		Debug|Any CPU = Debug|Any CPU
		Release|Any CPU = Release|Any CPU
	EndGlobalSection
	GlobalSection(ProjectConfigurationPlatforms) = postSolution
		{AEADF865-7362-4C10-86D5-618814DB9639}.Debug|Any CPU.ActiveCfg = Debug|Any CPU
		{AEADF865-7362-4C10-86D5-618814DB9639}.Debug|Any CPU.Build.0 = Debug|Any CPU
		{AEADF865-7362-4C10-86D5-618814DB9639}.Release|Any CPU.ActiveCfg = Release|Any CPU
		{AEADF865-7362-4C10-86D5-618814DB9639}.Release|Any CPU.Build.0 = Release|Any CPU
	EndGlobalSection
	GlobalSection(SolutionProperties) = preSolution
		HideSolutionNode = FALSE
	EndGlobalSection
	GlobalSection(ExtensibilityGlobals) = postSolution
		SolutionGuid = {1AEF3090-8172-4968-8BCA-180AB3E66FC1}
	EndGlobalSection
EndGlobal
