
Microsoft Visual Studio Solution File, Format Version 12.00
# Visual Studio Version 16
VisualStudioVersion = 16.0.31729.503
MinimumVisualStudioVersion = 10.0.40219.1
Project("{FAE04EC0-301F-11D3-BF4B-00C04F79EFBC}") = "Oct18LabPrac", "Oct18LabPrac\Oct18LabPrac.csproj", "{897218A0-67D5-4ECE-B74B-CFE850847336}"
EndProject
Global
	GlobalSection(SolutionConfigurationPlatforms) = preSolution
		Debug|Any CPU = Debug|Any CPU
		Release|Any CPU = Release|Any CPU
	EndGlobalSection
	GlobalSection(ProjectConfigurationPlatforms) = postSolution
		{897218A0-67D5-4ECE-B74B-CFE850847336}.Debug|Any CPU.ActiveCfg = Debug|Any CPU
		{897218A0-67D5-4ECE-B74B-CFE850847336}.Debug|Any CPU.Build.0 = Debug|Any CPU
		{897218A0-67D5-4ECE-B74B-CFE850847336}.Release|Any CPU.ActiveCfg = Release|Any CPU
		{897218A0-67D5-4ECE-B74B-CFE850847336}.Release|Any CPU.Build.0 = Release|Any CPU
	EndGlobalSection
	GlobalSection(SolutionProperties) = preSolution
		HideSolutionNode = FALSE
	EndGlobalSection
	GlobalSection(ExtensibilityGlobals) = postSolution
		SolutionGuid = {DF3ACC1C-24AC-4E94-ABBC-450665A15E17}
	EndGlobalSection
EndGlobal
